
Microsoft Visual Studio Solution File, Format Version 12.00
# Visual Studio Version 17
VisualStudioVersion = 17.5.33627.172
MinimumVisualStudioVersion = 10.0.40219.1
Project("{9A19103F-16F7-4668-BE54-9A1E7A4F7556}") = "UnitTestingCookbook.Tests", "UnitTestingCookbook.Tests\UnitTestingCookbook.Tests.csproj", "{FA8DA9C0-60EE-496D-9029-D807BD14078B}"
EndProject
Project("{9A19103F-16F7-4668-BE54-9A1E7A4F7556}") = "UnitTestingCookbook.Support", "UnitTestingCookbook.Support\UnitTestingCookbook.Support.csproj", "{9D43B53C-3339-4E4E-BD34-2CD7C7058A20}"
EndProject
Project("{9A19103F-16F7-4668-BE54-9A1E7A4F7556}") = "UnitTestingCookbook.TestHelpers", "UnitTestingCookbook.TestHelpers\UnitTestingCookbook.TestHelpers.csproj", "{46C0C830-5C48-4DD0-884F-1310BD8D2B67}"
EndProject
Project("{2150E333-8FDC-42A3-9474-1A3956D46DE8}") = "Solution Items", "Solution Items", "{6D460169-6FCC-4F39-AAC6-A383E1FCE9BE}"
	ProjectSection(SolutionItems) = preProject
		.editorconfig = .editorconfig
		Directory.Build.props = Directory.Build.props
		Directory.Packages.props = Directory.Packages.props
		README.md = README.md
		README\README_Analyzers.md = README\README_Analyzers.md
		README\README_AwesomeAssertions.md = README\README_AwesomeAssertions.md
		README\README_AppSettingsValidation.md = README\README_AppSettingsValidation.md
		README\README_AwesomeAssertionsAddOns.md = README\README_AwesomeAssertionsAddOns.md
		README\README_Bogus.md = README\README_Bogus.md
		README\README_ConnectionStringValidation.md = README\README_ConnectionStringValidation.md
		README\README_DataDriven.md = README\README_DataDriven.md
		README\README_DataHangover.md = README\README_DataHangover.md
		README\README_DependencyInjection.md = README\README_DependencyInjection.md
		README\README_Docker.md = README\README_Docker.md
		README\README_GeneralTips.md = README\README_GeneralTips.md
		README\README_HttpClientFactory.md = README\README_HttpClientFactory.md
		README\README_Logging.md = README\README_Logging.md
		README\README_MinimalApi.md = README\README_MinimalApi.md
		README\README_NetArchTest.md = README\README_NetArchTest.md
		README\README_SystemIoAbstraction.md = README\README_SystemIoAbstraction.md
		README\README_WireMockNet.md = README\README_WireMockNet.md
		README\README_WireMockNetPollyPolicies.md = README\README_WireMockNetPollyPolicies.md
	EndProjectSection
EndProject
Project("{FAE04EC0-301F-11D3-BF4B-00C04F79EFBC}") = "UnitTestingCookbook.MinimalApi", "UnitTestingCookbook.MinimalApi\UnitTestingCookbook.MinimalApi.csproj", "{7AC8AE42-2EBF-4536-A4A1-75E21290202E}"
EndProject
Project("{FAE04EC0-301F-11D3-BF4B-00C04F79EFBC}") = "UnitTestingCookbook.TestHelpers.Tests", "UnitTestingCookbook.TestHelpers.Tests\UnitTestingCookbook.TestHelpers.Tests.csproj", "{D68894B5-ED19-4A27-90E2-03198733913F}"
EndProject
Global
	GlobalSection(SolutionConfigurationPlatforms) = preSolution
		Debug|Any CPU = Debug|Any CPU
		Debug|x64 = Debug|x64
		Debug|x86 = Debug|x86
		Release|Any CPU = Release|Any CPU
		Release|x64 = Release|x64
		Release|x86 = Release|x86
	EndGlobalSection
	GlobalSection(ProjectConfigurationPlatforms) = postSolution
		{FA8DA9C0-60EE-496D-9029-D807BD14078B}.Debug|Any CPU.ActiveCfg = Debug|Any CPU
		{FA8DA9C0-60EE-496D-9029-D807BD14078B}.Debug|Any CPU.Build.0 = Debug|Any CPU
		{FA8DA9C0-60EE-496D-9029-D807BD14078B}.Debug|x64.ActiveCfg = Debug|Any CPU
		{FA8DA9C0-60EE-496D-9029-D807BD14078B}.Debug|x64.Build.0 = Debug|Any CPU
		{FA8DA9C0-60EE-496D-9029-D807BD14078B}.Debug|x86.ActiveCfg = Debug|Any CPU
		{FA8DA9C0-60EE-496D-9029-D807BD14078B}.Debug|x86.Build.0 = Debug|Any CPU
		{FA8DA9C0-60EE-496D-9029-D807BD14078B}.Release|Any CPU.ActiveCfg = Release|Any CPU
		{FA8DA9C0-60EE-496D-9029-D807BD14078B}.Release|Any CPU.Build.0 = Release|Any CPU
		{FA8DA9C0-60EE-496D-9029-D807BD14078B}.Release|x64.ActiveCfg = Release|Any CPU
		{FA8DA9C0-60EE-496D-9029-D807BD14078B}.Release|x64.Build.0 = Release|Any CPU
		{FA8DA9C0-60EE-496D-9029-D807BD14078B}.Release|x86.ActiveCfg = Release|Any CPU
		{FA8DA9C0-60EE-496D-9029-D807BD14078B}.Release|x86.Build.0 = Release|Any CPU
		{9D43B53C-3339-4E4E-BD34-2CD7C7058A20}.Debug|Any CPU.ActiveCfg = Debug|Any CPU
		{9D43B53C-3339-4E4E-BD34-2CD7C7058A20}.Debug|Any CPU.Build.0 = Debug|Any CPU
		{9D43B53C-3339-4E4E-BD34-2CD7C7058A20}.Debug|x64.ActiveCfg = Debug|Any CPU
		{9D43B53C-3339-4E4E-BD34-2CD7C7058A20}.Debug|x64.Build.0 = Debug|Any CPU
		{9D43B53C-3339-4E4E-BD34-2CD7C7058A20}.Debug|x86.ActiveCfg = Debug|Any CPU
		{9D43B53C-3339-4E4E-BD34-2CD7C7058A20}.Debug|x86.Build.0 = Debug|Any CPU
		{9D43B53C-3339-4E4E-BD34-2CD7C7058A20}.Release|Any CPU.ActiveCfg = Release|Any CPU
		{9D43B53C-3339-4E4E-BD34-2CD7C7058A20}.Release|Any CPU.Build.0 = Release|Any CPU
		{9D43B53C-3339-4E4E-BD34-2CD7C7058A20}.Release|x64.ActiveCfg = Release|Any CPU
		{9D43B53C-3339-4E4E-BD34-2CD7C7058A20}.Release|x64.Build.0 = Release|Any CPU
		{9D43B53C-3339-4E4E-BD34-2CD7C7058A20}.Release|x86.ActiveCfg = Release|Any CPU
		{9D43B53C-3339-4E4E-BD34-2CD7C7058A20}.Release|x86.Build.0 = Release|Any CPU
		{46C0C830-5C48-4DD0-884F-1310BD8D2B67}.Debug|Any CPU.ActiveCfg = Debug|Any CPU
		{46C0C830-5C48-4DD0-884F-1310BD8D2B67}.Debug|Any CPU.Build.0 = Debug|Any CPU
		{46C0C830-5C48-4DD0-884F-1310BD8D2B67}.Debug|x64.ActiveCfg = Debug|Any CPU
		{46C0C830-5C48-4DD0-884F-1310BD8D2B67}.Debug|x64.Build.0 = Debug|Any CPU
		{46C0C830-5C48-4DD0-884F-1310BD8D2B67}.Debug|x86.ActiveCfg = Debug|Any CPU
		{46C0C830-5C48-4DD0-884F-1310BD8D2B67}.Debug|x86.Build.0 = Debug|Any CPU
		{46C0C830-5C48-4DD0-884F-1310BD8D2B67}.Release|Any CPU.ActiveCfg = Release|Any CPU
		{46C0C830-5C48-4DD0-884F-1310BD8D2B67}.Release|Any CPU.Build.0 = Release|Any CPU
		{46C0C830-5C48-4DD0-884F-1310BD8D2B67}.Release|x64.ActiveCfg = Release|Any CPU
		{46C0C830-5C48-4DD0-884F-1310BD8D2B67}.Release|x64.Build.0 = Release|Any CPU
		{46C0C830-5C48-4DD0-884F-1310BD8D2B67}.Release|x86.ActiveCfg = Release|Any CPU
		{46C0C830-5C48-4DD0-884F-1310BD8D2B67}.Release|x86.Build.0 = Release|Any CPU
		{7AC8AE42-2EBF-4536-A4A1-75E21290202E}.Debug|Any CPU.ActiveCfg = Debug|Any CPU
		{7AC8AE42-2EBF-4536-A4A1-75E21290202E}.Debug|Any CPU.Build.0 = Debug|Any CPU
		{7AC8AE42-2EBF-4536-A4A1-75E21290202E}.Debug|x64.ActiveCfg = Debug|Any CPU
		{7AC8AE42-2EBF-4536-A4A1-75E21290202E}.Debug|x64.Build.0 = Debug|Any CPU
		{7AC8AE42-2EBF-4536-A4A1-75E21290202E}.Debug|x86.ActiveCfg = Debug|Any CPU
		{7AC8AE42-2EBF-4536-A4A1-75E21290202E}.Debug|x86.Build.0 = Debug|Any CPU
		{7AC8AE42-2EBF-4536-A4A1-75E21290202E}.Release|Any CPU.ActiveCfg = Release|Any CPU
		{7AC8AE42-2EBF-4536-A4A1-75E21290202E}.Release|Any CPU.Build.0 = Release|Any CPU
		{7AC8AE42-2EBF-4536-A4A1-75E21290202E}.Release|x64.ActiveCfg = Release|Any CPU
		{7AC8AE42-2EBF-4536-A4A1-75E21290202E}.Release|x64.Build.0 = Release|Any CPU
		{7AC8AE42-2EBF-4536-A4A1-75E21290202E}.Release|x86.ActiveCfg = Release|Any CPU
		{7AC8AE42-2EBF-4536-A4A1-75E21290202E}.Release|x86.Build.0 = Release|Any CPU
		{D68894B5-ED19-4A27-90E2-03198733913F}.Debug|Any CPU.ActiveCfg = Debug|Any CPU
		{D68894B5-ED19-4A27-90E2-03198733913F}.Debug|Any CPU.Build.0 = Debug|Any CPU
		{D68894B5-ED19-4A27-90E2-03198733913F}.Debug|x64.ActiveCfg = Debug|Any CPU
		{D68894B5-ED19-4A27-90E2-03198733913F}.Debug|x64.Build.0 = Debug|Any CPU
		{D68894B5-ED19-4A27-90E2-03198733913F}.Debug|x86.ActiveCfg = Debug|Any CPU
		{D68894B5-ED19-4A27-90E2-03198733913F}.Debug|x86.Build.0 = Debug|Any CPU
		{D68894B5-ED19-4A27-90E2-03198733913F}.Release|Any CPU.ActiveCfg = Release|Any CPU
		{D68894B5-ED19-4A27-90E2-03198733913F}.Release|Any CPU.Build.0 = Release|Any CPU
		{D68894B5-ED19-4A27-90E2-03198733913F}.Release|x64.ActiveCfg = Release|Any CPU
		{D68894B5-ED19-4A27-90E2-03198733913F}.Release|x64.Build.0 = Release|Any CPU
		{D68894B5-ED19-4A27-90E2-03198733913F}.Release|x86.ActiveCfg = Release|Any CPU
		{D68894B5-ED19-4A27-90E2-03198733913F}.Release|x86.Build.0 = Release|Any CPU
	EndGlobalSection
	GlobalSection(SolutionProperties) = preSolution
		HideSolutionNode = FALSE
	EndGlobalSection
	GlobalSection(ExtensibilityGlobals) = postSolution
		SolutionGuid = {6C9773E5-8DD7-4763-8ACB-EC1DF3B1F0BB}
	EndGlobalSection
EndGlobal
